
Microsoft Visual Studio Solution File, Format Version 12.00
# Visual Studio Version 17
VisualStudioVersion = 17.1.32328.378
MinimumVisualStudioVersion = 10.0.40219.1
Project("{FAE04EC0-301F-11D3-BF4B-00C04F79EFBC}") = "APILab", "APILab\APILab.csproj", "{0ADFF499-F907-4DD3-BFF3-BA6A280A3440}"
EndProject
Global
	GlobalSection(SolutionConfigurationPlatforms) = preSolution
		Debug|Any CPU = Debug|Any CPU
		Release|Any CPU = Release|Any CPU
	EndGlobalSection
	GlobalSection(ProjectConfigurationPlatforms) = postSolution
		{0ADFF499-F907-4DD3-BFF3-BA6A280A3440}.Debug|Any CPU.ActiveCfg = Debug|Any CPU
		{0ADFF499-F907-4DD3-BFF3-BA6A280A3440}.Debug|Any CPU.Build.0 = Debug|Any CPU
		{0ADFF499-F907-4DD3-BFF3-BA6A280A3440}.Release|Any CPU.ActiveCfg = Release|Any CPU
		{0ADFF499-F907-4DD3-BFF3-BA6A280A3440}.Release|Any CPU.Build.0 = Release|Any CPU
	EndGlobalSection
	GlobalSection(SolutionProperties) = preSolution
		HideSolutionNode = FALSE
	EndGlobalSection
	GlobalSection(ExtensibilityGlobals) = postSolution
		SolutionGuid = {7DF70028-815A-4086-BDC1-F56654DF2ED9}
	EndGlobalSection
EndGlobal
